
Microsoft Visual Studio Solution File, Format Version 10.00
# Visual Studio 2008
Project("{FAE04EC0-301F-11D3-BF4B-00C04F79EFBC}") = "лаб1", "лаб1\лаб1.csproj", "{837F2753-467B-4DB8-A098-0A241642B98D}"
EndProject
Global
	GlobalSection(SolutionConfigurationPlatforms) = preSolution
		Debug|Any CPU = Debug|Any CPU
		Release|Any CPU = Release|Any CPU
	EndGlobalSection
	GlobalSection(ProjectConfigurationPlatforms) = postSolution
		{837F2753-467B-4DB8-A098-0A241642B98D}.Debug|Any CPU.ActiveCfg = Debug|Any CPU
		{837F2753-467B-4DB8-A098-0A241642B98D}.Debug|Any CPU.Build.0 = Debug|Any CPU
		{837F2753-467B-4DB8-A098-0A241642B98D}.Release|Any CPU.ActiveCfg = Release|Any CPU
		{837F2753-467B-4DB8-A098-0A241642B98D}.Release|Any CPU.Build.0 = Release|Any CPU
	EndGlobalSection
	GlobalSection(SolutionProperties) = preSolution
		HideSolutionNode = FALSE
	EndGlobalSection
EndGlobal
